
Microsoft Visual Studio Solution File, Format Version 12.00
# Visual Studio Version 16
VisualStudioVersion = 16.0.31410.357
MinimumVisualStudioVersion = 10.0.40219.1
Project("{8BC9CEB8-8B4A-11D0-8D11-00A0C91BC942}") = "CyclicList", "CyclicList\CyclicList.vcxproj", "{3E224E7A-155B-41F9-8988-80A502835B6E}"
EndProject
Global
	GlobalSection(SolutionConfigurationPlatforms) = preSolution
		Debug|x64 = Debug|x64
		Debug|x86 = Debug|x86
		Release|x64 = Release|x64
		Release|x86 = Release|x86
	EndGlobalSection
	GlobalSection(ProjectConfigurationPlatforms) = postSolution
		{3E224E7A-155B-41F9-8988-80A502835B6E}.Debug|x64.ActiveCfg = Debug|x64
		{3E224E7A-155B-41F9-8988-80A502835B6E}.Debug|x64.Build.0 = Debug|x64
		{3E224E7A-155B-41F9-8988-80A502835B6E}.Debug|x86.ActiveCfg = Debug|Win32
		{3E224E7A-155B-41F9-8988-80A502835B6E}.Debug|x86.Build.0 = Debug|Win32
		{3E224E7A-155B-41F9-8988-80A502835B6E}.Release|x64.ActiveCfg = Release|x64
		{3E224E7A-155B-41F9-8988-80A502835B6E}.Release|x64.Build.0 = Release|x64
		{3E224E7A-155B-41F9-8988-80A502835B6E}.Release|x86.ActiveCfg = Release|Win32
		{3E224E7A-155B-41F9-8988-80A502835B6E}.Release|x86.Build.0 = Release|Win32
	EndGlobalSection
	GlobalSection(SolutionProperties) = preSolution
		HideSolutionNode = FALSE
	EndGlobalSection
	GlobalSection(ExtensibilityGlobals) = postSolution
		SolutionGuid = {11CCDD59-DDF5-48B1-85A1-8BE50AF8E546}
	EndGlobalSection
EndGlobal
