
Microsoft Visual Studio Solution File, Format Version 12.00
# Visual Studio Version 16
VisualStudioVersion = 16.0.31410.357
MinimumVisualStudioVersion = 10.0.40219.1
Project("{8BC9CEB8-8B4A-11D0-8D11-00A0C91BC942}") = "Comments", "Comments\Comments.vcxproj", "{74438356-D32C-4392-88FB-89F3F08A9915}"
EndProject
Global
	GlobalSection(SolutionConfigurationPlatforms) = preSolution
		Debug|x64 = Debug|x64
		Debug|x86 = Debug|x86
		Release|x64 = Release|x64
		Release|x86 = Release|x86
	EndGlobalSection
	GlobalSection(ProjectConfigurationPlatforms) = postSolution
		{74438356-D32C-4392-88FB-89F3F08A9915}.Debug|x64.ActiveCfg = Debug|x64
		{74438356-D32C-4392-88FB-89F3F08A9915}.Debug|x64.Build.0 = Debug|x64
		{74438356-D32C-4392-88FB-89F3F08A9915}.Debug|x86.ActiveCfg = Debug|Win32
		{74438356-D32C-4392-88FB-89F3F08A9915}.Debug|x86.Build.0 = Debug|Win32
		{74438356-D32C-4392-88FB-89F3F08A9915}.Release|x64.ActiveCfg = Release|x64
		{74438356-D32C-4392-88FB-89F3F08A9915}.Release|x64.Build.0 = Release|x64
		{74438356-D32C-4392-88FB-89F3F08A9915}.Release|x86.ActiveCfg = Release|Win32
		{74438356-D32C-4392-88FB-89F3F08A9915}.Release|x86.Build.0 = Release|Win32
	EndGlobalSection
	GlobalSection(SolutionProperties) = preSolution
		HideSolutionNode = FALSE
	EndGlobalSection
	GlobalSection(ExtensibilityGlobals) = postSolution
		SolutionGuid = {D6FB2DF2-D9A4-4AF2-84A4-E6846E85A292}
	EndGlobalSection
EndGlobal
