
Microsoft Visual Studio Solution File, Format Version 12.00
# Visual Studio Version 16
VisualStudioVersion = 16.0.31410.357
MinimumVisualStudioVersion = 10.0.40219.1
Project("{8BC9CEB8-8B4A-11D0-8D11-00A0C91BC942}") = "String", "String\String.vcxproj", "{F28DB431-02D6-423A-AD87-08796F891FA1}"
EndProject
Global
	GlobalSection(SolutionConfigurationPlatforms) = preSolution
		Debug|x64 = Debug|x64
		Debug|x86 = Debug|x86
		Release|x64 = Release|x64
		Release|x86 = Release|x86
	EndGlobalSection
	GlobalSection(ProjectConfigurationPlatforms) = postSolution
		{F28DB431-02D6-423A-AD87-08796F891FA1}.Debug|x64.ActiveCfg = Debug|x64
		{F28DB431-02D6-423A-AD87-08796F891FA1}.Debug|x64.Build.0 = Debug|x64
		{F28DB431-02D6-423A-AD87-08796F891FA1}.Debug|x86.ActiveCfg = Debug|Win32
		{F28DB431-02D6-423A-AD87-08796F891FA1}.Debug|x86.Build.0 = Debug|Win32
		{F28DB431-02D6-423A-AD87-08796F891FA1}.Release|x64.ActiveCfg = Release|x64
		{F28DB431-02D6-423A-AD87-08796F891FA1}.Release|x64.Build.0 = Release|x64
		{F28DB431-02D6-423A-AD87-08796F891FA1}.Release|x86.ActiveCfg = Release|Win32
		{F28DB431-02D6-423A-AD87-08796F891FA1}.Release|x86.Build.0 = Release|Win32
	EndGlobalSection
	GlobalSection(SolutionProperties) = preSolution
		HideSolutionNode = FALSE
	EndGlobalSection
	GlobalSection(ExtensibilityGlobals) = postSolution
		SolutionGuid = {D33770E3-4529-4E2C-898F-05D35A9758E0}
	EndGlobalSection
EndGlobal
