
Microsoft Visual Studio Solution File, Format Version 12.00
# Visual Studio Version 16
VisualStudioVersion = 16.0.31410.357
MinimumVisualStudioVersion = 10.0.40219.1
Project("{8BC9CEB8-8B4A-11D0-8D11-00A0C91BC942}") = "mostElemenInArray", "mostElemenInArray\mostElemenInArray.vcxproj", "{6E9504EF-FE83-4873-AC76-E0BD32D16FB9}"
EndProject
Global
	GlobalSection(SolutionConfigurationPlatforms) = preSolution
		Debug|x64 = Debug|x64
		Debug|x86 = Debug|x86
		Release|x64 = Release|x64
		Release|x86 = Release|x86
	EndGlobalSection
	GlobalSection(ProjectConfigurationPlatforms) = postSolution
		{6E9504EF-FE83-4873-AC76-E0BD32D16FB9}.Debug|x64.ActiveCfg = Debug|x64
		{6E9504EF-FE83-4873-AC76-E0BD32D16FB9}.Debug|x64.Build.0 = Debug|x64
		{6E9504EF-FE83-4873-AC76-E0BD32D16FB9}.Debug|x86.ActiveCfg = Debug|Win32
		{6E9504EF-FE83-4873-AC76-E0BD32D16FB9}.Debug|x86.Build.0 = Debug|Win32
		{6E9504EF-FE83-4873-AC76-E0BD32D16FB9}.Release|x64.ActiveCfg = Release|x64
		{6E9504EF-FE83-4873-AC76-E0BD32D16FB9}.Release|x64.Build.0 = Release|x64
		{6E9504EF-FE83-4873-AC76-E0BD32D16FB9}.Release|x86.ActiveCfg = Release|Win32
		{6E9504EF-FE83-4873-AC76-E0BD32D16FB9}.Release|x86.Build.0 = Release|Win32
	EndGlobalSection
	GlobalSection(SolutionProperties) = preSolution
		HideSolutionNode = FALSE
	EndGlobalSection
	GlobalSection(ExtensibilityGlobals) = postSolution
		SolutionGuid = {7C849829-6F01-4888-B0D2-C83192D0A820}
	EndGlobalSection
EndGlobal
